// !$*UTF8*$!
{
	archiveVersion = 1;
	classes = {
	};
	objectVersion = 46;
	objects = {

/* Begin PBXBuildFile section */
		CF20AB091C17C0370051D847 /* icon0.jpg in Resources */ = {isa = PBXBuildFile; fileRef = CF20AAFF1C17C0370051D847 /* icon0.jpg */; };
		CF20AB0A1C17C0370051D847 /* icon1.jpg in Resources */ = {isa = PBXBuildFile; fileRef = CF20AB001C17C0370051D847 /* icon1.jpg */; };
		CF20AB0B1C17C0370051D847 /* icon2.jpg in Resources */ = {isa = PBXBuildFile; fileRef = CF20AB011C17C0370051D847 /* icon2.jpg */; };
		CF20AB0C1C17C0370051D847 /* icon3.jpg in Resources */ = {isa = PBXBuildFile; fileRef = CF20AB021C17C0370051D847 /* icon3.jpg */; };
		CF20AB0D1C17C0370051D847 /* icon4.jpg in Resources */ = {isa = PBXBuildFile; fileRef = CF20AB031C17C0370051D847 /* icon4.jpg */; };
		CF20AB0E1C17C0370051D847 /* pic0.jpg in Resources */ = {isa = PBXBuildFile; fileRef = CF20AB041C17C0370051D847 /* pic0.jpg */; };
		CF20AB0F1C17C0370051D847 /* pic1.jpg in Resources */ = {isa = PBXBuildFile; fileRef = CF20AB051C17C0370051D847 /* pic1.jpg */; };
		CF20AB101C17C0370051D847 /* pic2.jpg in Resources */ = {isa = PBXBuildFile; fileRef = CF20AB061C17C0370051D847 /* pic2.jpg */; };
		CF20AB111C17C0370051D847 /* pic3.jpg in Resources */ = {isa = PBXBuildFile; fileRef = CF20AB071C17C0370051D847 /* pic3.jpg */; };
		CF20AB121C17C0370051D847 /* pic4.jpg in Resources */ = {isa = PBXBuildFile; fileRef = CF20AB081C17C0370051D847 /* pic4.jpg */; };
		CF20AB1E1C17C8870051D847 /* sdRefeshView_arrow@2x.png in Resources */ = {isa = PBXBuildFile; fileRef = CF20AB141C17C8870051D847 /* sdRefeshView_arrow@2x.png */; };
		CF20AB1F1C17C8870051D847 /* SDRefreshFooterView.m in Sources */ = {isa = PBXBuildFile; fileRef = CF20AB171C17C8870051D847 /* SDRefreshFooterView.m */; };
		CF20AB201C17C8870051D847 /* SDRefreshHeaderView.m in Sources */ = {isa = PBXBuildFile; fileRef = CF20AB191C17C8870051D847 /* SDRefreshHeaderView.m */; };
		CF20AB211C17C8870051D847 /* SDRefreshView.m in Sources */ = {isa = PBXBuildFile; fileRef = CF20AB1B1C17C8870051D847 /* SDRefreshView.m */; };
		CF20AB221C17C8870051D847 /* UIView+SDExtension.m in Sources */ = {isa = PBXBuildFile; fileRef = CF20AB1D1C17C8870051D847 /* UIView+SDExtension.m */; };
		CF20AB251C17D1750051D847 /* BBTableViewController.m in Sources */ = {isa = PBXBuildFile; fileRef = CF20AB241C17D1750051D847 /* BBTableViewController.m */; };
		CF20AB281C17DD420051D847 /* BBViewController.m in Sources */ = {isa = PBXBuildFile; fileRef = CF20AB271C17DD420051D847 /* BBViewController.m */; };
		CF4685031C157EBD002BCD53 /* AAViewController.m in Sources */ = {isa = PBXBuildFile; fileRef = CF4685021C157EBC002BCD53 /* AAViewController.m */; };
		CF481F241C102DCE00511C04 /* main.m in Sources */ = {isa = PBXBuildFile; fileRef = CF481F231C102DCE00511C04 /* main.m */; };
		CF481F271C102DCE00511C04 /* AppDelegate.m in Sources */ = {isa = PBXBuildFile; fileRef = CF481F261C102DCE00511C04 /* AppDelegate.m */; };
		CF481F2A1C102DCE00511C04 /* ViewController.m in Sources */ = {isa = PBXBuildFile; fileRef = CF481F291C102DCE00511C04 /* ViewController.m */; };
		CF481F2D1C102DCE00511C04 /* Main.storyboard in Resources */ = {isa = PBXBuildFile; fileRef = CF481F2B1C102DCE00511C04 /* Main.storyboard */; };
		CF481F2F1C102DCE00511C04 /* Assets.xcassets in Resources */ = {isa = PBXBuildFile; fileRef = CF481F2E1C102DCE00511C04 /* Assets.xcassets */; };
		CF481F321C102DCE00511C04 /* LaunchScreen.storyboard in Resources */ = {isa = PBXBuildFile; fileRef = CF481F301C102DCE00511C04 /* LaunchScreen.storyboard */; };
		CF481F3D1C102DCE00511C04 /* SDAutoLayoutTests.m in Sources */ = {isa = PBXBuildFile; fileRef = CF481F3C1C102DCE00511C04 /* SDAutoLayoutTests.m */; };
		CF481F481C102DCE00511C04 /* SDAutoLayoutUITests.m in Sources */ = {isa = PBXBuildFile; fileRef = CF481F471C102DCE00511C04 /* SDAutoLayoutUITests.m */; };
		CF481F5A1C1034E100511C04 /* UITableView+SDAutoTableViewCellHeight.m in Sources */ = {isa = PBXBuildFile; fileRef = CF481F571C1034E100511C04 /* UITableView+SDAutoTableViewCellHeight.m */; };
		CF481F5B1C1034E100511C04 /* UIView+SDAutoLayout.m in Sources */ = {isa = PBXBuildFile; fileRef = CF481F591C1034E100511C04 /* UIView+SDAutoLayout.m */; };
		CFCCD7BC1C16DC5600B9ED63 /* BBTableViewCell.m in Sources */ = {isa = PBXBuildFile; fileRef = CFCCD7BB1C16DC5600B9ED63 /* BBTableViewCell.m */; };
		CFCCD7BF1C16E24800B9ED63 /* BBModel.m in Sources */ = {isa = PBXBuildFile; fileRef = CFCCD7BE1C16E24800B9ED63 /* BBModel.m */; };
/* End PBXBuildFile section */

/* Begin PBXContainerItemProxy section */
		CF481F391C102DCE00511C04 /* PBXContainerItemProxy */ = {
			isa = PBXContainerItemProxy;
			containerPortal = CF481F171C102DCE00511C04 /* Project object */;
			proxyType = 1;
			remoteGlobalIDString = CF481F1E1C102DCE00511C04;
			remoteInfo = SDAutoLayout;
		};
		CF481F441C102DCE00511C04 /* PBXContainerItemProxy */ = {
			isa = PBXContainerItemProxy;
			containerPortal = CF481F171C102DCE00511C04 /* Project object */;
			proxyType = 1;
			remoteGlobalIDString = CF481F1E1C102DCE00511C04;
			remoteInfo = SDAutoLayout;
		};
/* End PBXContainerItemProxy section */

/* Begin PBXFileReference section */
		CF20AAFF1C17C0370051D847 /* icon0.jpg */ = {isa = PBXFileReference; lastKnownFileType = image.jpeg; path = icon0.jpg; sourceTree = "<group>"; };
		CF20AB001C17C0370051D847 /* icon1.jpg */ = {isa = PBXFileReference; lastKnownFileType = image.jpeg; path = icon1.jpg; sourceTree = "<group>"; };
		CF20AB011C17C0370051D847 /* icon2.jpg */ = {isa = PBXFileReference; lastKnownFileType = image.jpeg; path = icon2.jpg; sourceTree = "<group>"; };
		CF20AB021C17C0370051D847 /* icon3.jpg */ = {isa = PBXFileReference; lastKnownFileType = image.jpeg; path = icon3.jpg; sourceTree = "<group>"; };
		CF20AB031C17C0370051D847 /* icon4.jpg */ = {isa = PBXFileReference; lastKnownFileType = image.jpeg; path = icon4.jpg; sourceTree = "<group>"; };
		CF20AB041C17C0370051D847 /* pic0.jpg */ = {isa = PBXFileReference; lastKnownFileType = image.jpeg; path = pic0.jpg; sourceTree = "<group>"; };
		CF20AB051C17C0370051D847 /* pic1.jpg */ = {isa = PBXFileReference; lastKnownFileType = image.jpeg; path = pic1.jpg; sourceTree = "<group>"; };
		CF20AB061C17C0370051D847 /* pic2.jpg */ = {isa = PBXFileReference; lastKnownFileType = image.jpeg; path = pic2.jpg; sourceTree = "<group>"; };
		CF20AB071C17C0370051D847 /* pic3.jpg */ = {isa = PBXFileReference; lastKnownFileType = image.jpeg; path = pic3.jpg; sourceTree = "<group>"; };
		CF20AB081C17C0370051D847 /* pic4.jpg */ = {isa = PBXFileReference; lastKnownFileType = image.jpeg; path = pic4.jpg; sourceTree = "<group>"; };
		CF20AB141C17C8870051D847 /* sdRefeshView_arrow@2x.png */ = {isa = PBXFileReference; lastKnownFileType = image.png; path = "sdRefeshView_arrow@2x.png"; sourceTree = "<group>"; };
		CF20AB151C17C8870051D847 /* SDRefresh.h */ = {isa = PBXFileReference; fileEncoding = 4; lastKnownFileType = sourcecode.c.h; path = SDRefresh.h; sourceTree = "<group>"; };
		CF20AB161C17C8870051D847 /* SDRefreshFooterView.h */ = {isa = PBXFileReference; fileEncoding = 4; lastKnownFileType = sourcecode.c.h; path = SDRefreshFooterView.h; sourceTree = "<group>"; };
		CF20AB171C17C8870051D847 /* SDRefreshFooterView.m */ = {isa = PBXFileReference; fileEncoding = 4; lastKnownFileType = sourcecode.c.objc; path = SDRefreshFooterView.m; sourceTree = "<group>"; };
		CF20AB181C17C8870051D847 /* SDRefreshHeaderView.h */ = {isa = PBXFileReference; fileEncoding = 4; lastKnownFileType = sourcecode.c.h; path = SDRefreshHeaderView.h; sourceTree = "<group>"; };
		CF20AB191C17C8870051D847 /* SDRefreshHeaderView.m */ = {isa = PBXFileReference; fileEncoding = 4; lastKnownFileType = sourcecode.c.objc; path = SDRefreshHeaderView.m; sourceTree = "<group>"; };
		CF20AB1A1C17C8870051D847 /* SDRefreshView.h */ = {isa = PBXFileReference; fileEncoding = 4; lastKnownFileType = sourcecode.c.h; path = SDRefreshView.h; sourceTree = "<group>"; };
		CF20AB1B1C17C8870051D847 /* SDRefreshView.m */ = {isa = PBXFileReference; fileEncoding = 4; lastKnownFileType = sourcecode.c.objc; path = SDRefreshView.m; sourceTree = "<group>"; };
		CF20AB1C1C17C8870051D847 /* UIView+SDExtension.h */ = {isa = PBXFileReference; fileEncoding = 4; lastKnownFileType = sourcecode.c.h; path = "UIView+SDExtension.h"; sourceTree = "<group>"; };
		CF20AB1D1C17C8870051D847 /* UIView+SDExtension.m */ = {isa = PBXFileReference; fileEncoding = 4; lastKnownFileType = sourcecode.c.objc; path = "UIView+SDExtension.m"; sourceTree = "<group>"; };
		CF20AB231C17D1750051D847 /* BBTableViewController.h */ = {isa = PBXFileReference; fileEncoding = 4; lastKnownFileType = sourcecode.c.h; path = BBTableViewController.h; sourceTree = "<group>"; };
		CF20AB241C17D1750051D847 /* BBTableViewController.m */ = {isa = PBXFileReference; fileEncoding = 4; lastKnownFileType = sourcecode.c.objc; path = BBTableViewController.m; sourceTree = "<group>"; };
		CF20AB261C17DD420051D847 /* BBViewController.h */ = {isa = PBXFileReference; fileEncoding = 4; lastKnownFileType = sourcecode.c.h; path = BBViewController.h; sourceTree = "<group>"; };
		CF20AB271C17DD420051D847 /* BBViewController.m */ = {isa = PBXFileReference; fileEncoding = 4; lastKnownFileType = sourcecode.c.objc; path = BBViewController.m; sourceTree = "<group>"; };
		CF4685011C157EBC002BCD53 /* AAViewController.h */ = {isa = PBXFileReference; fileEncoding = 4; lastKnownFileType = sourcecode.c.h; path = AAViewController.h; sourceTree = "<group>"; };
		CF4685021C157EBC002BCD53 /* AAViewController.m */ = {isa = PBXFileReference; fileEncoding = 4; lastKnownFileType = sourcecode.c.objc; path = AAViewController.m; sourceTree = "<group>"; };
		CF481F1F1C102DCE00511C04 /* SDAutoLayout.app */ = {isa = PBXFileReference; explicitFileType = wrapper.application; includeInIndex = 0; path = SDAutoLayout.app; sourceTree = BUILT_PRODUCTS_DIR; };
		CF481F231C102DCE00511C04 /* main.m */ = {isa = PBXFileReference; lastKnownFileType = sourcecode.c.objc; path = main.m; sourceTree = "<group>"; };
		CF481F251C102DCE00511C04 /* AppDelegate.h */ = {isa = PBXFileReference; lastKnownFileType = sourcecode.c.h; path = AppDelegate.h; sourceTree = "<group>"; };
		CF481F261C102DCE00511C04 /* AppDelegate.m */ = {isa = PBXFileReference; lastKnownFileType = sourcecode.c.objc; path = AppDelegate.m; sourceTree = "<group>"; };
		CF481F281C102DCE00511C04 /* ViewController.h */ = {isa = PBXFileReference; lastKnownFileType = sourcecode.c.h; path = ViewController.h; sourceTree = "<group>"; };
		CF481F291C102DCE00511C04 /* ViewController.m */ = {isa = PBXFileReference; lastKnownFileType = sourcecode.c.objc; path = ViewController.m; sourceTree = "<group>"; };
		CF481F2C1C102DCE00511C04 /* Base */ = {isa = PBXFileReference; lastKnownFileType = file.storyboard; name = Base; path = Base.lproj/Main.storyboard; sourceTree = "<group>"; };
		CF481F2E1C102DCE00511C04 /* Assets.xcassets */ = {isa = PBXFileReference; lastKnownFileType = folder.assetcatalog; path = Assets.xcassets; sourceTree = "<group>"; };
		CF481F311C102DCE00511C04 /* Base */ = {isa = PBXFileReference; lastKnownFileType = file.storyboard; name = Base; path = Base.lproj/LaunchScreen.storyboard; sourceTree = "<group>"; };
		CF481F331C102DCE00511C04 /* Info.plist */ = {isa = PBXFileReference; lastKnownFileType = text.plist.xml; path = Info.plist; sourceTree = "<group>"; };
		CF481F381C102DCE00511C04 /* SDAutoLayoutTests.xctest */ = {isa = PBXFileReference; explicitFileType = wrapper.cfbundle; includeInIndex = 0; path = SDAutoLayoutTests.xctest; sourceTree = BUILT_PRODUCTS_DIR; };
		CF481F3C1C102DCE00511C04 /* SDAutoLayoutTests.m */ = {isa = PBXFileReference; lastKnownFileType = sourcecode.c.objc; path = SDAutoLayoutTests.m; sourceTree = "<group>"; };
		CF481F3E1C102DCE00511C04 /* Info.plist */ = {isa = PBXFileReference; lastKnownFileType = text.plist.xml; path = Info.plist; sourceTree = "<group>"; };
		CF481F431C102DCE00511C04 /* SDAutoLayoutUITests.xctest */ = {isa = PBXFileReference; explicitFileType = wrapper.cfbundle; includeInIndex = 0; path = SDAutoLayoutUITests.xctest; sourceTree = BUILT_PRODUCTS_DIR; };
		CF481F471C102DCE00511C04 /* SDAutoLayoutUITests.m */ = {isa = PBXFileReference; lastKnownFileType = sourcecode.c.objc; path = SDAutoLayoutUITests.m; sourceTree = "<group>"; };
		CF481F491C102DCE00511C04 /* Info.plist */ = {isa = PBXFileReference; lastKnownFileType = text.plist.xml; path = Info.plist; sourceTree = "<group>"; };
		CF481F561C1034E100511C04 /* UITableView+SDAutoTableViewCellHeight.h */ = {isa = PBXFileReference; fileEncoding = 4; lastKnownFileType = sourcecode.c.h; path = "UITableView+SDAutoTableViewCellHeight.h"; sourceTree = "<group>"; };
		CF481F571C1034E100511C04 /* UITableView+SDAutoTableViewCellHeight.m */ = {isa = PBXFileReference; fileEncoding = 4; lastKnownFileType = sourcecode.c.objc; path = "UITableView+SDAutoTableViewCellHeight.m"; sourceTree = "<group>"; };
		CF481F581C1034E100511C04 /* UIView+SDAutoLayout.h */ = {isa = PBXFileReference; fileEncoding = 4; lastKnownFileType = sourcecode.c.h; path = "UIView+SDAutoLayout.h"; sourceTree = "<group>"; };
		CF481F591C1034E100511C04 /* UIView+SDAutoLayout.m */ = {isa = PBXFileReference; fileEncoding = 4; lastKnownFileType = sourcecode.c.objc; path = "UIView+SDAutoLayout.m"; sourceTree = "<group>"; };
		CF481F601C10375100511C04 /* PrefixHeader.pch */ = {isa = PBXFileReference; fileEncoding = 4; lastKnownFileType = sourcecode.c.h; path = PrefixHeader.pch; sourceTree = "<group>"; };
		CFCCD7BA1C16DC5600B9ED63 /* BBTableViewCell.h */ = {isa = PBXFileReference; fileEncoding = 4; lastKnownFileType = sourcecode.c.h; path = BBTableViewCell.h; sourceTree = "<group>"; };
		CFCCD7BB1C16DC5600B9ED63 /* BBTableViewCell.m */ = {isa = PBXFileReference; fileEncoding = 4; lastKnownFileType = sourcecode.c.objc; path = BBTableViewCell.m; sourceTree = "<group>"; };
		CFCCD7BD1C16E24800B9ED63 /* BBModel.h */ = {isa = PBXFileReference; fileEncoding = 4; lastKnownFileType = sourcecode.c.h; path = BBModel.h; sourceTree = "<group>"; };
		CFCCD7BE1C16E24800B9ED63 /* BBModel.m */ = {isa = PBXFileReference; fileEncoding = 4; lastKnownFileType = sourcecode.c.objc; path = BBModel.m; sourceTree = "<group>"; };
/* End PBXFileReference section */

/* Begin PBXFrameworksBuildPhase section */
		CF481F1C1C102DCE00511C04 /* Frameworks */ = {
			isa = PBXFrameworksBuildPhase;
			buildActionMask = 2147483647;
			files = (
			);
			runOnlyForDeploymentPostprocessing = 0;
		};
		CF481F351C102DCE00511C04 /* Frameworks */ = {
			isa = PBXFrameworksBuildPhase;
			buildActionMask = 2147483647;
			files = (
			);
			runOnlyForDeploymentPostprocessing = 0;
		};
		CF481F401C102DCE00511C04 /* Frameworks */ = {
			isa = PBXFrameworksBuildPhase;
			buildActionMask = 2147483647;
			files = (
			);
			runOnlyForDeploymentPostprocessing = 0;
		};
/* End PBXFrameworksBuildPhase section */

/* Begin PBXGroup section */
		CF20AAFE1C17C0370051D847 /* Images */ = {
			isa = PBXGroup;
			children = (
				CF20AAFF1C17C0370051D847 /* icon0.jpg */,
				CF20AB001C17C0370051D847 /* icon1.jpg */,
				CF20AB011C17C0370051D847 /* icon2.jpg */,
				CF20AB021C17C0370051D847 /* icon3.jpg */,
				CF20AB031C17C0370051D847 /* icon4.jpg */,
				CF20AB041C17C0370051D847 /* pic0.jpg */,
				CF20AB051C17C0370051D847 /* pic1.jpg */,
				CF20AB061C17C0370051D847 /* pic2.jpg */,
				CF20AB071C17C0370051D847 /* pic3.jpg */,
				CF20AB081C17C0370051D847 /* pic4.jpg */,
			);
			path = Images;
			sourceTree = "<group>";
		};
		CF20AB131C17C8870051D847 /* SDRefeshView */ = {
			isa = PBXGroup;
			children = (
				CF20AB141C17C8870051D847 /* sdRefeshView_arrow@2x.png */,
				CF20AB151C17C8870051D847 /* SDRefresh.h */,
				CF20AB161C17C8870051D847 /* SDRefreshFooterView.h */,
				CF20AB171C17C8870051D847 /* SDRefreshFooterView.m */,
				CF20AB181C17C8870051D847 /* SDRefreshHeaderView.h */,
				CF20AB191C17C8870051D847 /* SDRefreshHeaderView.m */,
				CF20AB1A1C17C8870051D847 /* SDRefreshView.h */,
				CF20AB1B1C17C8870051D847 /* SDRefreshView.m */,
				CF20AB1C1C17C8870051D847 /* UIView+SDExtension.h */,
				CF20AB1D1C17C8870051D847 /* UIView+SDExtension.m */,
			);
			path = SDRefeshView;
			sourceTree = "<group>";
		};
		CF481F161C102DCE00511C04 = {
			isa = PBXGroup;
			children = (
				CF481F211C102DCE00511C04 /* SDAutoLayout */,
				CF481F3B1C102DCE00511C04 /* SDAutoLayoutTests */,
				CF481F461C102DCE00511C04 /* SDAutoLayoutUITests */,
				CF481F201C102DCE00511C04 /* Products */,
			);
			sourceTree = "<group>";
		};
		CF481F201C102DCE00511C04 /* Products */ = {
			isa = PBXGroup;
			children = (
				CF481F1F1C102DCE00511C04 /* SDAutoLayout.app */,
				CF481F381C102DCE00511C04 /* SDAutoLayoutTests.xctest */,
				CF481F431C102DCE00511C04 /* SDAutoLayoutUITests.xctest */,
			);
			name = Products;
			sourceTree = "<group>";
		};
		CF481F211C102DCE00511C04 /* SDAutoLayout */ = {
			isa = PBXGroup;
			children = (
				CF20AAFE1C17C0370051D847 /* Images */,
				CF481F551C1034E100511C04 /* SDAutoLayout */,
				CF20AB131C17C8870051D847 /* SDRefeshView */,
				CF481F251C102DCE00511C04 /* AppDelegate.h */,
				CF481F261C102DCE00511C04 /* AppDelegate.m */,
				CF481F281C102DCE00511C04 /* ViewController.h */,
				CF481F291C102DCE00511C04 /* ViewController.m */,
				CF4685011C157EBC002BCD53 /* AAViewController.h */,
				CF4685021C157EBC002BCD53 /* AAViewController.m */,
				CF20AB261C17DD420051D847 /* BBViewController.h */,
				CF20AB271C17DD420051D847 /* BBViewController.m */,
				CF20AB231C17D1750051D847 /* BBTableViewController.h */,
				CF20AB241C17D1750051D847 /* BBTableViewController.m */,
				CFCCD7BA1C16DC5600B9ED63 /* BBTableViewCell.h */,
				CFCCD7BB1C16DC5600B9ED63 /* BBTableViewCell.m */,
				CFCCD7BD1C16E24800B9ED63 /* BBModel.h */,
				CFCCD7BE1C16E24800B9ED63 /* BBModel.m */,
				CF481F601C10375100511C04 /* PrefixHeader.pch */,
				CF481F2B1C102DCE00511C04 /* Main.storyboard */,
				CF481F2E1C102DCE00511C04 /* Assets.xcassets */,
				CF481F301C102DCE00511C04 /* LaunchScreen.storyboard */,
				CF481F331C102DCE00511C04 /* Info.plist */,
				CF481F221C102DCE00511C04 /* Supporting Files */,
			);
			path = SDAutoLayout;
			sourceTree = "<group>";
		};
		CF481F221C102DCE00511C04 /* Supporting Files */ = {
			isa = PBXGroup;
			children = (
				CF481F231C102DCE00511C04 /* main.m */,
			);
			name = "Supporting Files";
			sourceTree = "<group>";
		};
		CF481F3B1C102DCE00511C04 /* SDAutoLayoutTests */ = {
			isa = PBXGroup;
			children = (
				CF481F3C1C102DCE00511C04 /* SDAutoLayoutTests.m */,
				CF481F3E1C102DCE00511C04 /* Info.plist */,
			);
			path = SDAutoLayoutTests;
			sourceTree = "<group>";
		};
		CF481F461C102DCE00511C04 /* SDAutoLayoutUITests */ = {
			isa = PBXGroup;
			children = (
				CF481F471C102DCE00511C04 /* SDAutoLayoutUITests.m */,
				CF481F491C102DCE00511C04 /* Info.plist */,
			);
			path = SDAutoLayoutUITests;
			sourceTree = "<group>";
		};
		CF481F551C1034E100511C04 /* SDAutoLayout */ = {
			isa = PBXGroup;
			children = (
				CF481F561C1034E100511C04 /* UITableView+SDAutoTableViewCellHeight.h */,
				CF481F571C1034E100511C04 /* UITableView+SDAutoTableViewCellHeight.m */,
				CF481F581C1034E100511C04 /* UIView+SDAutoLayout.h */,
				CF481F591C1034E100511C04 /* UIView+SDAutoLayout.m */,
			);
			path = SDAutoLayout;
			sourceTree = "<group>";
		};
/* End PBXGroup section */

/* Begin PBXNativeTarget section */
		CF481F1E1C102DCE00511C04 /* SDAutoLayout */ = {
			isa = PBXNativeTarget;
			buildConfigurationList = CF481F4C1C102DCE00511C04 /* Build configuration list for PBXNativeTarget "SDAutoLayout" */;
			buildPhases = (
				CF481F1B1C102DCE00511C04 /* Sources */,
				CF481F1C1C102DCE00511C04 /* Frameworks */,
				CF481F1D1C102DCE00511C04 /* Resources */,
			);
			buildRules = (
			);
			dependencies = (
			);
			name = SDAutoLayout;
			productName = SDAutoLayout;
			productReference = CF481F1F1C102DCE00511C04 /* SDAutoLayout.app */;
			productType = "com.apple.product-type.application";
		};
		CF481F371C102DCE00511C04 /* SDAutoLayoutTests */ = {
			isa = PBXNativeTarget;
			buildConfigurationList = CF481F4F1C102DCE00511C04 /* Build configuration list for PBXNativeTarget "SDAutoLayoutTests" */;
			buildPhases = (
				CF481F341C102DCE00511C04 /* Sources */,
				CF481F351C102DCE00511C04 /* Frameworks */,
				CF481F361C102DCE00511C04 /* Resources */,
			);
			buildRules = (
			);
			dependencies = (
				CF481F3A1C102DCE00511C04 /* PBXTargetDependency */,
			);
			name = SDAutoLayoutTests;
			productName = SDAutoLayoutTests;
			productReference = CF481F381C102DCE00511C04 /* SDAutoLayoutTests.xctest */;
			productType = "com.apple.product-type.bundle.unit-test";
		};
		CF481F421C102DCE00511C04 /* SDAutoLayoutUITests */ = {
			isa = PBXNativeTarget;
			buildConfigurationList = CF481F521C102DCE00511C04 /* Build configuration list for PBXNativeTarget "SDAutoLayoutUITests" */;
			buildPhases = (
				CF481F3F1C102DCE00511C04 /* Sources */,
				CF481F401C102DCE00511C04 /* Frameworks */,
				CF481F411C102DCE00511C04 /* Resources */,
			);
			buildRules = (
			);
			dependencies = (
				CF481F451C102DCE00511C04 /* PBXTargetDependency */,
			);
			name = SDAutoLayoutUITests;
			productName = SDAutoLayoutUITests;
			productReference = CF481F431C102DCE00511C04 /* SDAutoLayoutUITests.xctest */;
			productType = "com.apple.product-type.bundle.ui-testing";
		};
/* End PBXNativeTarget section */

/* Begin PBXProject section */
		CF481F171C102DCE00511C04 /* Project object */ = {
			isa = PBXProject;
			attributes = {
				LastUpgradeCheck = 0710;
				ORGANIZATIONNAME = oho;
				TargetAttributes = {
					CF481F1E1C102DCE00511C04 = {
						CreatedOnToolsVersion = 7.1;
					};
					CF481F371C102DCE00511C04 = {
						CreatedOnToolsVersion = 7.1;
						TestTargetID = CF481F1E1C102DCE00511C04;
					};
					CF481F421C102DCE00511C04 = {
						CreatedOnToolsVersion = 7.1;
						TestTargetID = CF481F1E1C102DCE00511C04;
					};
				};
			};
			buildConfigurationList = CF481F1A1C102DCE00511C04 /* Build configuration list for PBXProject "SDAutoLayout" */;
			compatibilityVersion = "Xcode 3.2";
			developmentRegion = English;
			hasScannedForEncodings = 0;
			knownRegions = (
				en,
				Base,
			);
			mainGroup = CF481F161C102DCE00511C04;
			productRefGroup = CF481F201C102DCE00511C04 /* Products */;
			projectDirPath = "";
			projectRoot = "";
			targets = (
				CF481F1E1C102DCE00511C04 /* SDAutoLayout */,
				CF481F371C102DCE00511C04 /* SDAutoLayoutTests */,
				CF481F421C102DCE00511C04 /* SDAutoLayoutUITests */,
			);
		};
/* End PBXProject section */

/* Begin PBXResourcesBuildPhase section */
		CF481F1D1C102DCE00511C04 /* Resources */ = {
			isa = PBXResourcesBuildPhase;
			buildActionMask = 2147483647;
			files = (
				CF20AB101C17C0370051D847 /* pic2.jpg in Resources */,
				CF481F321C102DCE00511C04 /* LaunchScreen.storyboard in Resources */,
				CF20AB091C17C0370051D847 /* icon0.jpg in Resources */,
				CF20AB0C1C17C0370051D847 /* icon3.jpg in Resources */,
				CF481F2F1C102DCE00511C04 /* Assets.xcassets in Resources */,
				CF20AB0E1C17C0370051D847 /* pic0.jpg in Resources */,
				CF20AB121C17C0370051D847 /* pic4.jpg in Resources */,
				CF20AB0A1C17C0370051D847 /* icon1.jpg in Resources */,
				CF20AB0F1C17C0370051D847 /* pic1.jpg in Resources */,
				CF20AB0D1C17C0370051D847 /* icon4.jpg in Resources */,
				CF481F2D1C102DCE00511C04 /* Main.storyboard in Resources */,
				CF20AB1E1C17C8870051D847 /* sdRefeshView_arrow@2x.png in Resources */,
				CF20AB111C17C0370051D847 /* pic3.jpg in Resources */,
				CF20AB0B1C17C0370051D847 /* icon2.jpg in Resources */,
			);
			runOnlyForDeploymentPostprocessing = 0;
		};
		CF481F361C102DCE00511C04 /* Resources */ = {
			isa = PBXResourcesBuildPhase;
			buildActionMask = 2147483647;
			files = (
			);
			runOnlyForDeploymentPostprocessing = 0;
		};
		CF481F411C102DCE00511C04 /* Resources */ = {
			isa = PBXResourcesBuildPhase;
			buildActionMask = 2147483647;
			files = (
			);
			runOnlyForDeploymentPostprocessing = 0;
		};
/* End PBXResourcesBuildPhase section */

/* Begin PBXSourcesBuildPhase section */
		CF481F1B1C102DCE00511C04 /* Sources */ = {
			isa = PBXSourcesBuildPhase;
			buildActionMask = 2147483647;
			files = (
				CF20AB281C17DD420051D847 /* BBViewController.m in Sources */,
				CF481F2A1C102DCE00511C04 /* ViewController.m in Sources */,
				CF481F271C102DCE00511C04 /* AppDelegate.m in Sources */,
				CF20AB201C17C8870051D847 /* SDRefreshHeaderView.m in Sources */,
				CFCCD7BC1C16DC5600B9ED63 /* BBTableViewCell.m in Sources */,
				CF20AB1F1C17C8870051D847 /* SDRefreshFooterView.m in Sources */,
				CF481F5A1C1034E100511C04 /* UITableView+SDAutoTableViewCellHeight.m in Sources */,
				CF20AB221C17C8870051D847 /* UIView+SDExtension.m in Sources */,
				CF20AB211C17C8870051D847 /* SDRefreshView.m in Sources */,
				CF20AB251C17D1750051D847 /* BBTableViewController.m in Sources */,
				CFCCD7BF1C16E24800B9ED63 /* BBModel.m in Sources */,
				CF481F241C102DCE00511C04 /* main.m in Sources */,
				CF4685031C157EBD002BCD53 /* AAViewController.m in Sources */,
				CF481F5B1C1034E100511C04 /* UIView+SDAutoLayout.m in Sources */,
			);
			runOnlyForDeploymentPostprocessing = 0;
		};
		CF481F341C102DCE00511C04 /* Sources */ = {
			isa = PBXSourcesBuildPhase;
			buildActionMask = 2147483647;
			files = (
				CF481F3D1C102DCE00511C04 /* SDAutoLayoutTests.m in Sources */,
			);
			runOnlyForDeploymentPostprocessing = 0;
		};
		CF481F3F1C102DCE00511C04 /* Sources */ = {
			isa = PBXSourcesBuildPhase;
			buildActionMask = 2147483647;
			files = (
				CF481F481C102DCE00511C04 /* SDAutoLayoutUITests.m in Sources */,
			);
			runOnlyForDeploymentPostprocessing = 0;
		};
/* End PBXSourcesBuildPhase section */

/* Begin PBXTargetDependency section */
		CF481F3A1C102DCE00511C04 /* PBXTargetDependency */ = {
			isa = PBXTargetDependency;
			target = CF481F1E1C102DCE00511C04 /* SDAutoLayout */;
			targetProxy = CF481F391C102DCE00511C04 /* PBXContainerItemProxy */;
		};
		CF481F451C102DCE00511C04 /* PBXTargetDependency */ = {
			isa = PBXTargetDependency;
			target = CF481F1E1C102DCE00511C04 /* SDAutoLayout */;
			targetProxy = CF481F441C102DCE00511C04 /* PBXContainerItemProxy */;
		};
/* End PBXTargetDependency section */

/* Begin PBXVariantGroup section */
		CF481F2B1C102DCE00511C04 /* Main.storyboard */ = {
			isa = PBXVariantGroup;
			children = (
				CF481F2C1C102DCE00511C04 /* Base */,
			);
			name = Main.storyboard;
			sourceTree = "<group>";
		};
		CF481F301C102DCE00511C04 /* LaunchScreen.storyboard */ = {
			isa = PBXVariantGroup;
			children = (
				CF481F311C102DCE00511C04 /* Base */,
			);
			name = LaunchScreen.storyboard;
			sourceTree = "<group>";
		};
/* End PBXVariantGroup section */

/* Begin XCBuildConfiguration section */
		CF481F4A1C102DCE00511C04 /* Debug */ = {
			isa = XCBuildConfiguration;
			buildSettings = {
				ALWAYS_SEARCH_USER_PATHS = NO;
				CLANG_CXX_LANGUAGE_STANDARD = "gnu++0x";
				CLANG_CXX_LIBRARY = "libc++";
				CLANG_ENABLE_MODULES = YES;
				CLANG_ENABLE_OBJC_ARC = YES;
				CLANG_WARN_BOOL_CONVERSION = YES;
				CLANG_WARN_CONSTANT_CONVERSION = YES;
				CLANG_WARN_DIRECT_OBJC_ISA_USAGE = YES_ERROR;
				CLANG_WARN_EMPTY_BODY = YES;
				CLANG_WARN_ENUM_CONVERSION = YES;
				CLANG_WARN_INT_CONVERSION = YES;
				CLANG_WARN_OBJC_ROOT_CLASS = YES_ERROR;
				CLANG_WARN_UNREACHABLE_CODE = YES;
				CLANG_WARN__DUPLICATE_METHOD_MATCH = YES;
				"CODE_SIGN_IDENTITY[sdk=iphoneos*]" = "iPhone Developer";
				COPY_PHASE_STRIP = NO;
				DEBUG_INFORMATION_FORMAT = dwarf;
				ENABLE_STRICT_OBJC_MSGSEND = YES;
				ENABLE_TESTABILITY = YES;
				GCC_C_LANGUAGE_STANDARD = gnu99;
				GCC_DYNAMIC_NO_PIC = NO;
				GCC_NO_COMMON_BLOCKS = YES;
				GCC_OPTIMIZATION_LEVEL = 0;
				GCC_PREPROCESSOR_DEFINITIONS = (
					"DEBUG=1",
					"$(inherited)",
				);
				GCC_WARN_64_TO_32_BIT_CONVERSION = YES;
				GCC_WARN_ABOUT_RETURN_TYPE = YES_ERROR;
				GCC_WARN_UNDECLARED_SELECTOR = YES;
				GCC_WARN_UNINITIALIZED_AUTOS = YES_AGGRESSIVE;
				GCC_WARN_UNUSED_FUNCTION = YES;
				GCC_WARN_UNUSED_VARIABLE = YES;
				IPHONEOS_DEPLOYMENT_TARGET = 9.1;
				MTL_ENABLE_DEBUG_INFO = YES;
				ONLY_ACTIVE_ARCH = YES;
				SDKROOT = iphoneos;
			};
			name = Debug;
		};
		CF481F4B1C102DCE00511C04 /* Release */ = {
			isa = XCBuildConfiguration;
			buildSettings = {
				ALWAYS_SEARCH_USER_PATHS = NO;
				CLANG_CXX_LANGUAGE_STANDARD = "gnu++0x";
				CLANG_CXX_LIBRARY = "libc++";
				CLANG_ENABLE_MODULES = YES;
				CLANG_ENABLE_OBJC_ARC = YES;
				CLANG_WARN_BOOL_CONVERSION = YES;
				CLANG_WARN_CONSTANT_CONVERSION = YES;
				CLANG_WARN_DIRECT_OBJC_ISA_USAGE = YES_ERROR;
				CLANG_WARN_EMPTY_BODY = YES;
				CLANG_WARN_ENUM_CONVERSION = YES;
				CLANG_WARN_INT_CONVERSION = YES;
				CLANG_WARN_OBJC_ROOT_CLASS = YES_ERROR;
				CLANG_WARN_UNREACHABLE_CODE = YES;
				CLANG_WARN__DUPLICATE_METHOD_MATCH = YES;
				"CODE_SIGN_IDENTITY[sdk=iphoneos*]" = "iPhone Developer";
				COPY_PHASE_STRIP = NO;
				DEBUG_INFORMATION_FORMAT = "dwarf-with-dsym";
				ENABLE_NS_ASSERTIONS = NO;
				ENABLE_STRICT_OBJC_MSGSEND = YES;
				GCC_C_LANGUAGE_STANDARD = gnu99;
				GCC_NO_COMMON_BLOCKS = YES;
				GCC_WARN_64_TO_32_BIT_CONVERSION = YES;
				GCC_WARN_ABOUT_RETURN_TYPE = YES_ERROR;
				GCC_WARN_UNDECLARED_SELECTOR = YES;
				GCC_WARN_UNINITIALIZED_AUTOS = YES_AGGRESSIVE;
				GCC_WARN_UNUSED_FUNCTION = YES;
				GCC_WARN_UNUSED_VARIABLE = YES;
				IPHONEOS_DEPLOYMENT_TARGET = 9.1;
				MTL_ENABLE_DEBUG_INFO = NO;
				SDKROOT = iphoneos;
				VALIDATE_PRODUCT = YES;
			};
			name = Release;
		};
		CF481F4D1C102DCE00511C04 /* Debug */ = {
			isa = XCBuildConfiguration;
			buildSettings = {
				ASSETCATALOG_COMPILER_APPICON_NAME = AppIcon;
				GCC_PREFIX_HEADER = SDAutolayout/PrefixHeader.pch;
				INFOPLIST_FILE = SDAutoLayout/Info.plist;
				IPHONEOS_DEPLOYMENT_TARGET = 9.0;
				LD_RUNPATH_SEARCH_PATHS = "$(inherited) @executable_path/Frameworks";
				PRODUCT_BUNDLE_IDENTIFIER = com.oho.SDAutoLayout;
				PRODUCT_NAME = "$(TARGET_NAME)";
				TARGETED_DEVICE_FAMILY = "1,2";
			};
			name = Debug;
		};
		CF481F4E1C102DCE00511C04 /* Release */ = {
			isa = XCBuildConfiguration;
			buildSettings = {
				ASSETCATALOG_COMPILER_APPICON_NAME = AppIcon;
				GCC_PREFIX_HEADER = SDAutolayout/PrefixHeader.pch;
				INFOPLIST_FILE = SDAutoLayout/Info.plist;
				IPHONEOS_DEPLOYMENT_TARGET = 9.0;
				LD_RUNPATH_SEARCH_PATHS = "$(inherited) @executable_path/Frameworks";
				PRODUCT_BUNDLE_IDENTIFIER = com.oho.SDAutoLayout;
				PRODUCT_NAME = "$(TARGET_NAME)";
				TARGETED_DEVICE_FAMILY = "1,2";
			};
			name = Release;
		};
		CF481F501C102DCE00511C04 /* Debug */ = {
			isa = XCBuildConfiguration;
			buildSettings = {
				BUNDLE_LOADER = "$(TEST_HOST)";
				INFOPLIST_FILE = SDAutoLayoutTests/Info.plist;
				LD_RUNPATH_SEARCH_PATHS = "$(inherited) @executable_path/Frameworks @loader_path/Frameworks";
				PRODUCT_BUNDLE_IDENTIFIER = com.oho.SDAutoLayoutTests;
				PRODUCT_NAME = "$(TARGET_NAME)";
				TEST_HOST = "$(BUILT_PRODUCTS_DIR)/SDAutoLayout.app/SDAutoLayout";
			};
			name = Debug;
		};
		CF481F511C102DCE00511C04 /* Release */ = {
			isa = XCBuildConfiguration;
			buildSettings = {
				BUNDLE_LOADER = "$(TEST_HOST)";
				INFOPLIST_FILE = SDAutoLayoutTests/Info.plist;
				LD_RUNPATH_SEARCH_PATHS = "$(inherited) @executable_path/Frameworks @loader_path/Frameworks";
				PRODUCT_BUNDLE_IDENTIFIER = com.oho.SDAutoLayoutTests;
				PRODUCT_NAME = "$(TARGET_NAME)";
				TEST_HOST = "$(BUILT_PRODUCTS_DIR)/SDAutoLayout.app/SDAutoLayout";
			};
			name = Release;
		};
		CF481F531C102DCE00511C04 /* Debug */ = {
			isa = XCBuildConfiguration;
			buildSettings = {
				INFOPLIST_FILE = SDAutoLayoutUITests/Info.plist;
				LD_RUNPATH_SEARCH_PATHS = "$(inherited) @executable_path/Frameworks @loader_path/Frameworks";
				PRODUCT_BUNDLE_IDENTIFIER = com.oho.SDAutoLayoutUITests;
				PRODUCT_NAME = "$(TARGET_NAME)";
				TEST_TARGET_NAME = SDAutoLayout;
				USES_XCTRUNNER = YES;
			};
			name = Debug;
		};
		CF481F541C102DCE00511C04 /* Release */ = {
			isa = XCBuildConfiguration;
			buildSettings = {
				INFOPLIST_FILE = SDAutoLayoutUITests/Info.plist;
				LD_RUNPATH_SEARCH_PATHS = "$(inherited) @executable_path/Frameworks @loader_path/Frameworks";
				PRODUCT_BUNDLE_IDENTIFIER = com.oho.SDAutoLayoutUITests;
				PRODUCT_NAME = "$(TARGET_NAME)";
				TEST_TARGET_NAME = SDAutoLayout;
				USES_XCTRUNNER = YES;
			};
			name = Release;
		};
/* End XCBuildConfiguration section */

/* Begin XCConfigurationList section */
		CF481F1A1C102DCE00511C04 /* Build configuration list for PBXProject "SDAutoLayout" */ = {
			isa = XCConfigurationList;
			buildConfigurations = (
				CF481F4A1C102DCE00511C04 /* Debug */,
				CF481F4B1C102DCE00511C04 /* Release */,
			);
			defaultConfigurationIsVisible = 0;
			defaultConfigurationName = Release;
		};
		CF481F4C1C102DCE00511C04 /* Build configuration list for PBXNativeTarget "SDAutoLayout" */ = {
			isa = XCConfigurationList;
			buildConfigurations = (
				CF481F4D1C102DCE00511C04 /* Debug */,
				CF481F4E1C102DCE00511C04 /* Release */,
			);
			defaultConfigurationIsVisible = 0;
			defaultConfigurationName = Release;
		};
		CF481F4F1C102DCE00511C04 /* Build configuration list for PBXNativeTarget "SDAutoLayoutTests" */ = {
			isa = XCConfigurationList;
			buildConfigurations = (
				CF481F501C102DCE00511C04 /* Debug */,
				CF481F511C102DCE00511C04 /* Release */,
			);
			defaultConfigurationIsVisible = 0;
			defaultConfigurationName = Release;
		};
		CF481F521C102DCE00511C04 /* Build configuration list for PBXNativeTarget "SDAutoLayoutUITests" */ = {
			isa = XCConfigurationList;
			buildConfigurations = (
				CF481F531C102DCE00511C04 /* Debug */,
				CF481F541C102DCE00511C04 /* Release */,
			);
			defaultConfigurationIsVisible = 0;
			defaultConfigurationName = Release;
		};
/* End XCConfigurationList section */
	};
	rootObject = CF481F171C102DCE00511C04 /* Project object */;
}
